
Microsoft Visual Studio Solution File, Format Version 12.00
# Visual Studio Version 17
VisualStudioVersion = 17.11.35222.181
MinimumVisualStudioVersion = 10.0.40219.1
Project("{FAE04EC0-301F-11D3-BF4B-00C04F79EFBC}") = "EJERCICIO_01-CELULAR", "EJERCICIOS\EJERCICIO_01-CELULAR.csproj", "{F29C4BAA-578C-4D2D-9103-893BC1628611}"
EndProject
Project("{FAE04EC0-301F-11D3-BF4B-00C04F79EFBC}") = "EJERCICIO_02-COMPUTADORA", "EJERCICIO_02-COMPUTADORA\EJERCICIO_02-COMPUTADORA.csproj", "{6504F975-50FD-4209-B490-610F4BAC7F88}"
EndProject
Project("{FAE04EC0-301F-11D3-BF4B-00C04F79EFBC}") = "EJERCICIO_03-EDIFICIO", "EJERCICIO_03-EDIFICIO\EJERCICIO_03-EDIFICIO.csproj", "{DB45E129-F2DC-4892-B560-DC4A9CDF7244}"
EndProject
Project("{FAE04EC0-301F-11D3-BF4B-00C04F79EFBC}") = "EJERCICIO_04-OBRERO", "EJERCICIO_04-OBRERO\EJERCICIO_04-OBRERO.csproj", "{69FBBBB6-64E0-421F-BA23-6F13BCEE5892}"
EndProject
Project("{FAE04EC0-301F-11D3-BF4B-00C04F79EFBC}") = "EJERCICIO_05-VIDEO", "EJERCIOCIO_05-VIDEO\EJERCICIO_05-VIDEO.csproj", "{FB36D523-5E68-4C8D-8656-A5CF399F83BC}"
EndProject
Project("{FAE04EC0-301F-11D3-BF4B-00C04F79EFBC}") = "EJERCICIO_06-PACIENTE", "EJERCICIO_06-PACIENTE\EJERCICIO_06-PACIENTE.csproj", "{7A076195-0E25-49FE-B11D-B83E5803538E}"
EndProject
Project("{FAE04EC0-301F-11D3-BF4B-00C04F79EFBC}") = "EJERCICIO_07-EMPLEADO", "EJERCICIO_07-EMPLEADO\EJERCICIO_07-EMPLEADO.csproj", "{3D6F1363-EF8A-4A14-A73C-998376430D0D}"
EndProject
Project("{FAE04EC0-301F-11D3-BF4B-00C04F79EFBC}") = "EJERCICIO_08-ASESOR", "EJERCICIO_08-ASESOR\EJERCICIO_08-ASESOR.csproj", "{1210D379-9D7F-487C-BA40-35086F6A870A}"
EndProject
Project("{FAE04EC0-301F-11D3-BF4B-00C04F79EFBC}") = "EJERCICIO_09-PELOTA", "EJERCICIO_09-PELOTA\EJERCICIO_09-PELOTA.csproj", "{B5BA8FF2-E895-40C3-8784-73575BD4263E}"
EndProject
Global
	GlobalSection(SolutionConfigurationPlatforms) = preSolution
		Debug|Any CPU = Debug|Any CPU
		Release|Any CPU = Release|Any CPU
	EndGlobalSection
	GlobalSection(ProjectConfigurationPlatforms) = postSolution
		{F29C4BAA-578C-4D2D-9103-893BC1628611}.Debug|Any CPU.ActiveCfg = Debug|Any CPU
		{F29C4BAA-578C-4D2D-9103-893BC1628611}.Debug|Any CPU.Build.0 = Debug|Any CPU
		{F29C4BAA-578C-4D2D-9103-893BC1628611}.Release|Any CPU.ActiveCfg = Release|Any CPU
		{F29C4BAA-578C-4D2D-9103-893BC1628611}.Release|Any CPU.Build.0 = Release|Any CPU
		{6504F975-50FD-4209-B490-610F4BAC7F88}.Debug|Any CPU.ActiveCfg = Debug|Any CPU
		{6504F975-50FD-4209-B490-610F4BAC7F88}.Debug|Any CPU.Build.0 = Debug|Any CPU
		{6504F975-50FD-4209-B490-610F4BAC7F88}.Release|Any CPU.ActiveCfg = Release|Any CPU
		{6504F975-50FD-4209-B490-610F4BAC7F88}.Release|Any CPU.Build.0 = Release|Any CPU
		{DB45E129-F2DC-4892-B560-DC4A9CDF7244}.Debug|Any CPU.ActiveCfg = Debug|Any CPU
		{DB45E129-F2DC-4892-B560-DC4A9CDF7244}.Debug|Any CPU.Build.0 = Debug|Any CPU
		{DB45E129-F2DC-4892-B560-DC4A9CDF7244}.Release|Any CPU.ActiveCfg = Release|Any CPU
		{DB45E129-F2DC-4892-B560-DC4A9CDF7244}.Release|Any CPU.Build.0 = Release|Any CPU
		{69FBBBB6-64E0-421F-BA23-6F13BCEE5892}.Debug|Any CPU.ActiveCfg = Debug|Any CPU
		{69FBBBB6-64E0-421F-BA23-6F13BCEE5892}.Debug|Any CPU.Build.0 = Debug|Any CPU
		{69FBBBB6-64E0-421F-BA23-6F13BCEE5892}.Release|Any CPU.ActiveCfg = Release|Any CPU
		{69FBBBB6-64E0-421F-BA23-6F13BCEE5892}.Release|Any CPU.Build.0 = Release|Any CPU
		{FB36D523-5E68-4C8D-8656-A5CF399F83BC}.Debug|Any CPU.ActiveCfg = Debug|Any CPU
		{FB36D523-5E68-4C8D-8656-A5CF399F83BC}.Debug|Any CPU.Build.0 = Debug|Any CPU
		{FB36D523-5E68-4C8D-8656-A5CF399F83BC}.Release|Any CPU.ActiveCfg = Release|Any CPU
		{FB36D523-5E68-4C8D-8656-A5CF399F83BC}.Release|Any CPU.Build.0 = Release|Any CPU
		{7A076195-0E25-49FE-B11D-B83E5803538E}.Debug|Any CPU.ActiveCfg = Debug|Any CPU
		{7A076195-0E25-49FE-B11D-B83E5803538E}.Debug|Any CPU.Build.0 = Debug|Any CPU
		{7A076195-0E25-49FE-B11D-B83E5803538E}.Release|Any CPU.ActiveCfg = Release|Any CPU
		{7A076195-0E25-49FE-B11D-B83E5803538E}.Release|Any CPU.Build.0 = Release|Any CPU
		{3D6F1363-EF8A-4A14-A73C-998376430D0D}.Debug|Any CPU.ActiveCfg = Debug|Any CPU
		{3D6F1363-EF8A-4A14-A73C-998376430D0D}.Debug|Any CPU.Build.0 = Debug|Any CPU
		{3D6F1363-EF8A-4A14-A73C-998376430D0D}.Release|Any CPU.ActiveCfg = Release|Any CPU
		{3D6F1363-EF8A-4A14-A73C-998376430D0D}.Release|Any CPU.Build.0 = Release|Any CPU
		{1210D379-9D7F-487C-BA40-35086F6A870A}.Debug|Any CPU.ActiveCfg = Debug|Any CPU
		{1210D379-9D7F-487C-BA40-35086F6A870A}.Debug|Any CPU.Build.0 = Debug|Any CPU
		{1210D379-9D7F-487C-BA40-35086F6A870A}.Release|Any CPU.ActiveCfg = Release|Any CPU
		{1210D379-9D7F-487C-BA40-35086F6A870A}.Release|Any CPU.Build.0 = Release|Any CPU
		{B5BA8FF2-E895-40C3-8784-73575BD4263E}.Debug|Any CPU.ActiveCfg = Debug|Any CPU
		{B5BA8FF2-E895-40C3-8784-73575BD4263E}.Debug|Any CPU.Build.0 = Debug|Any CPU
		{B5BA8FF2-E895-40C3-8784-73575BD4263E}.Release|Any CPU.ActiveCfg = Release|Any CPU
		{B5BA8FF2-E895-40C3-8784-73575BD4263E}.Release|Any CPU.Build.0 = Release|Any CPU
	EndGlobalSection
	GlobalSection(SolutionProperties) = preSolution
		HideSolutionNode = FALSE
	EndGlobalSection
	GlobalSection(ExtensibilityGlobals) = postSolution
		SolutionGuid = {BC5884C3-C225-4DEA-BC8A-ECF3722D3820}
	EndGlobalSection
EndGlobal
